
Microsoft Visual Studio Solution File, Format Version 12.00
# Visual Studio Version 17
VisualStudioVersion = 17.11.35312.102
MinimumVisualStudioVersion = 10.0.40219.1
Project("{FAE04EC0-301F-11D3-BF4B-00C04F79EFBC}") = "skiing", "skiing.csproj", "{D13F0317-6817-4B4C-948A-150096AECCF7}"
EndProject
Global
	GlobalSection(SolutionConfigurationPlatforms) = preSolution
		Debug|Any CPU = Debug|Any CPU
		Release|Any CPU = Release|Any CPU
	EndGlobalSection
	GlobalSection(ProjectConfigurationPlatforms) = postSolution
		{D13F0317-6817-4B4C-948A-150096AECCF7}.Debug|Any CPU.ActiveCfg = Debug|Any CPU
		{D13F0317-6817-4B4C-948A-150096AECCF7}.Debug|Any CPU.Build.0 = Debug|Any CPU
		{D13F0317-6817-4B4C-948A-150096AECCF7}.Release|Any CPU.ActiveCfg = Release|Any CPU
		{D13F0317-6817-4B4C-948A-150096AECCF7}.Release|Any CPU.Build.0 = Release|Any CPU
	EndGlobalSection
	GlobalSection(SolutionProperties) = preSolution
		HideSolutionNode = FALSE
	EndGlobalSection
	GlobalSection(ExtensibilityGlobals) = postSolution
		SolutionGuid = {A7A3B1E6-BF25-494A-AE86-9FD866BF549A}
	EndGlobalSection
EndGlobal
